// !$*UTF8*$!
{
	archiveVersion = 1;
	classes = {
	};
	objectVersion = 56;
	objects = {

/* Begin PBXBuildFile section */
		B66366E42D28100700A89CEF /* IntuneMAMStatic.xcframework in Frameworks */ = {isa = PBXBuildFile; fileRef = B66366D82D280FF700A89CEF /* IntuneMAMStatic.xcframework */; };
		B66366E52D28100700A89CEF /* IntuneMAMStatic.xcframework in Embed Frameworks */ = {isa = PBXBuildFile; fileRef = B66366D82D280FF700A89CEF /* IntuneMAMStatic.xcframework */; settings = {ATTRIBUTES = (CodeSignOnCopy, RemoveHeadersOnCopy, ); }; };
		B66366E72D28101700A89CEF /* IntuneMAMSwiftStub.xcframework in Frameworks */ = {isa = PBXBuildFile; fileRef = B66366DA2D280FF700A89CEF /* IntuneMAMSwiftStub.xcframework */; };
		B66366E82D28101800A89CEF /* IntuneMAMSwiftStub.xcframework in Embed Frameworks */ = {isa = PBXBuildFile; fileRef = B66366DA2D280FF700A89CEF /* IntuneMAMSwiftStub.xcframework */; settings = {ATTRIBUTES = (CodeSignOnCopy, RemoveHeadersOnCopy, ); }; };
		B6C0C4C02D27C3B200BF9842 /* AppDelegate.swift in Sources */ = {isa = PBXBuildFile; fileRef = B6C0C4BF2D27C3B200BF9842 /* AppDelegate.swift */; };
		B6C0C4C22D27C3B200BF9842 /* SceneDelegate.swift in Sources */ = {isa = PBXBuildFile; fileRef = B6C0C4C12D27C3B200BF9842 /* SceneDelegate.swift */; };
		B6C0C4C42D27C3B200BF9842 /* ViewController.swift in Sources */ = {isa = PBXBuildFile; fileRef = B6C0C4C32D27C3B200BF9842 /* ViewController.swift */; };
		B6C0C4C72D27C3B200BF9842 /* Base in Resources */ = {isa = PBXBuildFile; fileRef = B6C0C4C62D27C3B200BF9842 /* Base */; };
		B6C0C4C92D27C3B300BF9842 /* Assets.xcassets in Resources */ = {isa = PBXBuildFile; fileRef = B6C0C4C82D27C3B300BF9842 /* Assets.xcassets */; };
		B6C0C4CC2D27C3B300BF9842 /* Base in Resources */ = {isa = PBXBuildFile; fileRef = B6C0C4CB2D27C3B300BF9842 /* Base */; };
		B6C0C4D52D27C3C600BF9842 /* MessageUI.framework in Frameworks */ = {isa = PBXBuildFile; fileRef = B6C0C4D42D27C3C600BF9842 /* MessageUI.framework */; };
		B6C0C4D72D27C3DF00BF9842 /* Security.framework in Frameworks */ = {isa = PBXBuildFile; fileRef = B6C0C4D62D27C3DF00BF9842 /* Security.framework */; };
		B6C0C4D92D27C3E900BF9842 /* CoreServices.framework in Frameworks */ = {isa = PBXBuildFile; fileRef = B6C0C4D82D27C3E900BF9842 /* CoreServices.framework */; };
		B6C0C4DB2D27C3F300BF9842 /* SystemConfiguration.framework in Frameworks */ = {isa = PBXBuildFile; fileRef = B6C0C4DA2D27C3F300BF9842 /* SystemConfiguration.framework */; };
		B6C0C4DD2D27C43C00BF9842 /* libsqlite3.tbd in Frameworks */ = {isa = PBXBuildFile; fileRef = B6C0C4DC2D27C43000BF9842 /* libsqlite3.tbd */; };
		B6C0C4DF2D27C45200BF9842 /* libc++.tbd in Frameworks */ = {isa = PBXBuildFile; fileRef = B6C0C4DE2D27C44200BF9842 /* libc++.tbd */; };
		B6C0C4E12D27C47400BF9842 /* ImageIO.framework in Frameworks */ = {isa = PBXBuildFile; fileRef = B6C0C4E02D27C47400BF9842 /* ImageIO.framework */; };
		B6C0C4E32D27C48000BF9842 /* LocalAuthentication.framework in Frameworks */ = {isa = PBXBuildFile; fileRef = B6C0C4E22D27C48000BF9842 /* LocalAuthentication.framework */; };
		B6C0C4E52D27C48D00BF9842 /* AudioToolbox.framework in Frameworks */ = {isa = PBXBuildFile; fileRef = B6C0C4E42D27C48D00BF9842 /* AudioToolbox.framework */; };
		B6C0C4E72D27C49900BF9842 /* QuartzCore.framework in Frameworks */ = {isa = PBXBuildFile; fileRef = B6C0C4E62D27C49900BF9842 /* QuartzCore.framework */; };
		B6C0C4E92D27C4A100BF9842 /* WebKit.framework in Frameworks */ = {isa = PBXBuildFile; fileRef = B6C0C4E82D27C4A100BF9842 /* WebKit.framework */; };
		B6C0C4EB2D27C4AA00BF9842 /* MetricKit.framework in Frameworks */ = {isa = PBXBuildFile; fileRef = B6C0C4EA2D27C4AA00BF9842 /* MetricKit.framework */; };
/* End PBXBuildFile section */

/* Begin PBXCopyFilesBuildPhase section */
		B66366E62D28100700A89CEF /* Embed Frameworks */ = {
			isa = PBXCopyFilesBuildPhase;
			buildActionMask = 2147483647;
			dstPath = "";
			dstSubfolderSpec = 10;
			files = (
				B66366E82D28101800A89CEF /* IntuneMAMSwiftStub.xcframework in Embed Frameworks */,
				B66366E52D28100700A89CEF /* IntuneMAMStatic.xcframework in Embed Frameworks */,
			);
			name = "Embed Frameworks";
			runOnlyForDeploymentPostprocessing = 0;
		};
/* End PBXCopyFilesBuildPhase section */

/* Begin PBXFileReference section */
		B66366B72D280E0400A89CEF /* bug_report.md */ = {isa = PBXFileReference; lastKnownFileType = net.daringfireball.markdown; path = bug_report.md; sourceTree = "<group>"; };
		B66366B82D280E0400A89CEF /* microsoft-intune-app-sdk-for-maui-ios.md */ = {isa = PBXFileReference; lastKnownFileType = net.daringfireball.markdown; path = "microsoft-intune-app-sdk-for-maui-ios.md"; sourceTree = "<group>"; };
		B66366BB2D280E0400A89CEF /* .gitattributes */ = {isa = PBXFileReference; lastKnownFileType = text; path = .gitattributes; sourceTree = "<group>"; };
		B66366BC2D280E0400A89CEF /* .gitignore */ = {isa = PBXFileReference; lastKnownFileType = text; path = .gitignore; sourceTree = "<group>"; };
		B66366BD2D280E0400A89CEF /* IntuneMAMConfigurator */ = {isa = PBXFileReference; lastKnownFileType = "compiled.mach-o.executable"; path = IntuneMAMConfigurator; sourceTree = "<group>"; };
		B66366BE2D280E0400A89CEF /* IntuneMAMResources.bundle */ = {isa = PBXFileReference; lastKnownFileType = "wrapper.plug-in"; path = IntuneMAMResources.bundle; sourceTree = "<group>"; };
		B66366BF2D280E0400A89CEF /* IntuneMAMStatic.xcframework */ = {isa = PBXFileReference; lastKnownFileType = wrapper.xcframework; path = IntuneMAMStatic.xcframework; sourceTree = "<group>"; };
		B66366C02D280E0400A89CEF /* IntuneMAMSwift.xcframework */ = {isa = PBXFileReference; lastKnownFileType = wrapper.xcframework; path = IntuneMAMSwift.xcframework; sourceTree = "<group>"; };
		B66366C12D280E0400A89CEF /* IntuneMAMSwiftStub.xcframework */ = {isa = PBXFileReference; lastKnownFileType = wrapper.xcframework; path = IntuneMAMSwiftStub.xcframework; sourceTree = "<group>"; };
		B66366C22D280E0400A89CEF /* IntuneMAMTelemetry.xcframework */ = {isa = PBXFileReference; lastKnownFileType = wrapper.xcframework; path = IntuneMAMTelemetry.xcframework; sourceTree = "<group>"; };
		B66366C32D280E0400A89CEF /* libIntuneMAMSwift.xcframework */ = {isa = PBXFileReference; lastKnownFileType = wrapper.xcframework; path = libIntuneMAMSwift.xcframework; sourceTree = "<group>"; };
		B66366C42D280E0400A89CEF /* libIntuneMAMSwiftFileProvider.xcframework */ = {isa = PBXFileReference; lastKnownFileType = wrapper.xcframework; path = libIntuneMAMSwiftFileProvider.xcframework; sourceTree = "<group>"; };
		B66366C52D280E0400A89CEF /* Microsoft License Terms Intune App SDK for iOS.pdf */ = {isa = PBXFileReference; lastKnownFileType = image.pdf; path = "Microsoft License Terms Intune App SDK for iOS.pdf"; sourceTree = "<group>"; };
		B66366C62D280E0400A89CEF /* README.md */ = {isa = PBXFileReference; lastKnownFileType = net.daringfireball.markdown; path = README.md; sourceTree = "<group>"; };
		B66366C72D280E0400A89CEF /* REDIST.txt */ = {isa = PBXFileReference; lastKnownFileType = text; path = REDIST.txt; sourceTree = "<group>"; };
		B66366C82D280E0400A89CEF /* SECURITY.md */ = {isa = PBXFileReference; lastKnownFileType = net.daringfireball.markdown; path = SECURITY.md; sourceTree = "<group>"; };
		B66366C92D280E0400A89CEF /* ThirdPartyNotices.txt */ = {isa = PBXFileReference; lastKnownFileType = text; path = ThirdPartyNotices.txt; sourceTree = "<group>"; };
		B66366D02D280FF700A89CEF /* bug_report.md */ = {isa = PBXFileReference; lastKnownFileType = net.daringfireball.markdown; path = bug_report.md; sourceTree = "<group>"; };
		B66366D12D280FF700A89CEF /* microsoft-intune-app-sdk-for-maui-ios.md */ = {isa = PBXFileReference; lastKnownFileType = net.daringfireball.markdown; path = "microsoft-intune-app-sdk-for-maui-ios.md"; sourceTree = "<group>"; };
		B66366D42D280FF700A89CEF /* .gitattributes */ = {isa = PBXFileReference; lastKnownFileType = text; path = .gitattributes; sourceTree = "<group>"; };
		B66366D52D280FF700A89CEF /* .gitignore */ = {isa = PBXFileReference; lastKnownFileType = text; path = .gitignore; sourceTree = "<group>"; };
		B66366D62D280FF700A89CEF /* IntuneMAMConfigurator */ = {isa = PBXFileReference; lastKnownFileType = "compiled.mach-o.executable"; path = IntuneMAMConfigurator; sourceTree = "<group>"; };
		B66366D72D280FF700A89CEF /* IntuneMAMResources.bundle */ = {isa = PBXFileReference; lastKnownFileType = "wrapper.plug-in"; path = IntuneMAMResources.bundle; sourceTree = "<group>"; };
		B66366D82D280FF700A89CEF /* IntuneMAMStatic.xcframework */ = {isa = PBXFileReference; lastKnownFileType = wrapper.xcframework; path = IntuneMAMStatic.xcframework; sourceTree = "<group>"; };
		B66366D92D280FF700A89CEF /* IntuneMAMSwift.xcframework */ = {isa = PBXFileReference; lastKnownFileType = wrapper.xcframework; path = IntuneMAMSwift.xcframework; sourceTree = "<group>"; };
		B66366DA2D280FF700A89CEF /* IntuneMAMSwiftStub.xcframework */ = {isa = PBXFileReference; lastKnownFileType = wrapper.xcframework; path = IntuneMAMSwiftStub.xcframework; sourceTree = "<group>"; };
		B66366DB2D280FF700A89CEF /* IntuneMAMTelemetry.xcframework */ = {isa = PBXFileReference; lastKnownFileType = wrapper.xcframework; path = IntuneMAMTelemetry.xcframework; sourceTree = "<group>"; };
		B66366DC2D280FF700A89CEF /* libIntuneMAMSwift.xcframework */ = {isa = PBXFileReference; lastKnownFileType = wrapper.xcframework; path = libIntuneMAMSwift.xcframework; sourceTree = "<group>"; };
		B66366DD2D280FF700A89CEF /* libIntuneMAMSwiftFileProvider.xcframework */ = {isa = PBXFileReference; lastKnownFileType = wrapper.xcframework; path = libIntuneMAMSwiftFileProvider.xcframework; sourceTree = "<group>"; };
		B66366DE2D280FF700A89CEF /* Microsoft License Terms Intune App SDK for iOS.pdf */ = {isa = PBXFileReference; lastKnownFileType = image.pdf; path = "Microsoft License Terms Intune App SDK for iOS.pdf"; sourceTree = "<group>"; };
		B66366DF2D280FF700A89CEF /* README.md */ = {isa = PBXFileReference; lastKnownFileType = net.daringfireball.markdown; path = README.md; sourceTree = "<group>"; };
		B66366E02D280FF700A89CEF /* REDIST.txt */ = {isa = PBXFileReference; lastKnownFileType = text; path = REDIST.txt; sourceTree = "<group>"; };
		B66366E12D280FF700A89CEF /* SECURITY.md */ = {isa = PBXFileReference; lastKnownFileType = net.daringfireball.markdown; path = SECURITY.md; sourceTree = "<group>"; };
		B66366E22D280FF700A89CEF /* ThirdPartyNotices.txt */ = {isa = PBXFileReference; lastKnownFileType = text; path = ThirdPartyNotices.txt; sourceTree = "<group>"; };
		B6C0C4BC2D27C3B200BF9842 /* MicrosoftIntuneSDK.app */ = {isa = PBXFileReference; explicitFileType = wrapper.application; includeInIndex = 0; path = MicrosoftIntuneSDK.app; sourceTree = BUILT_PRODUCTS_DIR; };
		B6C0C4BF2D27C3B200BF9842 /* AppDelegate.swift */ = {isa = PBXFileReference; lastKnownFileType = sourcecode.swift; path = AppDelegate.swift; sourceTree = "<group>"; };
		B6C0C4C12D27C3B200BF9842 /* SceneDelegate.swift */ = {isa = PBXFileReference; lastKnownFileType = sourcecode.swift; path = SceneDelegate.swift; sourceTree = "<group>"; };
		B6C0C4C32D27C3B200BF9842 /* ViewController.swift */ = {isa = PBXFileReference; lastKnownFileType = sourcecode.swift; path = ViewController.swift; sourceTree = "<group>"; };
		B6C0C4C62D27C3B200BF9842 /* Base */ = {isa = PBXFileReference; lastKnownFileType = file.storyboard; name = Base; path = Base.lproj/Main.storyboard; sourceTree = "<group>"; };
		B6C0C4C82D27C3B300BF9842 /* Assets.xcassets */ = {isa = PBXFileReference; lastKnownFileType = folder.assetcatalog; path = Assets.xcassets; sourceTree = "<group>"; };
		B6C0C4CB2D27C3B300BF9842 /* Base */ = {isa = PBXFileReference; lastKnownFileType = file.storyboard; name = Base; path = Base.lproj/LaunchScreen.storyboard; sourceTree = "<group>"; };
		B6C0C4CD2D27C3B300BF9842 /* Info.plist */ = {isa = PBXFileReference; lastKnownFileType = text.plist.xml; path = Info.plist; sourceTree = "<group>"; };
		B6C0C4D42D27C3C600BF9842 /* MessageUI.framework */ = {isa = PBXFileReference; lastKnownFileType = wrapper.framework; name = MessageUI.framework; path = System/Library/Frameworks/MessageUI.framework; sourceTree = SDKROOT; };
		B6C0C4D62D27C3DF00BF9842 /* Security.framework */ = {isa = PBXFileReference; lastKnownFileType = wrapper.framework; name = Security.framework; path = System/Library/Frameworks/Security.framework; sourceTree = SDKROOT; };
		B6C0C4D82D27C3E900BF9842 /* CoreServices.framework */ = {isa = PBXFileReference; lastKnownFileType = wrapper.framework; name = CoreServices.framework; path = System/Library/Frameworks/CoreServices.framework; sourceTree = SDKROOT; };
		B6C0C4DA2D27C3F300BF9842 /* SystemConfiguration.framework */ = {isa = PBXFileReference; lastKnownFileType = wrapper.framework; name = SystemConfiguration.framework; path = System/Library/Frameworks/SystemConfiguration.framework; sourceTree = SDKROOT; };
		B6C0C4DC2D27C43000BF9842 /* libsqlite3.tbd */ = {isa = PBXFileReference; lastKnownFileType = "sourcecode.text-based-dylib-definition"; name = libsqlite3.tbd; path = usr/lib/libsqlite3.tbd; sourceTree = SDKROOT; };
		B6C0C4DE2D27C44200BF9842 /* libc++.tbd */ = {isa = PBXFileReference; lastKnownFileType = "sourcecode.text-based-dylib-definition"; name = "libc++.tbd"; path = "usr/lib/libc++.tbd"; sourceTree = SDKROOT; };
		B6C0C4E02D27C47400BF9842 /* ImageIO.framework */ = {isa = PBXFileReference; lastKnownFileType = wrapper.framework; name = ImageIO.framework; path = System/Library/Frameworks/ImageIO.framework; sourceTree = SDKROOT; };
		B6C0C4E22D27C48000BF9842 /* LocalAuthentication.framework */ = {isa = PBXFileReference; lastKnownFileType = wrapper.framework; name = LocalAuthentication.framework; path = System/Library/Frameworks/LocalAuthentication.framework; sourceTree = SDKROOT; };
		B6C0C4E42D27C48D00BF9842 /* AudioToolbox.framework */ = {isa = PBXFileReference; lastKnownFileType = wrapper.framework; name = AudioToolbox.framework; path = System/Library/Frameworks/AudioToolbox.framework; sourceTree = SDKROOT; };
		B6C0C4E62D27C49900BF9842 /* QuartzCore.framework */ = {isa = PBXFileReference; lastKnownFileType = wrapper.framework; name = QuartzCore.framework; path = System/Library/Frameworks/QuartzCore.framework; sourceTree = SDKROOT; };
		B6C0C4E82D27C4A100BF9842 /* WebKit.framework */ = {isa = PBXFileReference; lastKnownFileType = wrapper.framework; name = WebKit.framework; path = System/Library/Frameworks/WebKit.framework; sourceTree = SDKROOT; };
		B6C0C4EA2D27C4AA00BF9842 /* MetricKit.framework */ = {isa = PBXFileReference; lastKnownFileType = wrapper.framework; name = MetricKit.framework; path = System/Library/Frameworks/MetricKit.framework; sourceTree = SDKROOT; };
		B6C0C4EC2D27C4D600BF9842 /* AppDelegate.swift */ = {isa = PBXFileReference; lastKnownFileType = sourcecode.swift; path = AppDelegate.swift; sourceTree = "<group>"; };
		B6C0C4ED2D27C4D600BF9842 /* Assets.xcassets */ = {isa = PBXFileReference; lastKnownFileType = folder.assetcatalog; path = Assets.xcassets; sourceTree = "<group>"; };
		B6C0C4EE2D27C4D600BF9842 /* Info.plist */ = {isa = PBXFileReference; lastKnownFileType = text.plist.xml; path = Info.plist; sourceTree = "<group>"; };
		B6C0C4EF2D27C4D600BF9842 /* Base */ = {isa = PBXFileReference; lastKnownFileType = file.storyboard; name = Base; path = Base.lproj/LaunchScreen.storyboard; sourceTree = "<group>"; };
		B6C0C4F12D27C4D600BF9842 /* Base */ = {isa = PBXFileReference; lastKnownFileType = file.storyboard; name = Base; path = Base.lproj/Main.storyboard; sourceTree = "<group>"; };
		B6C0C4F32D27C4D600BF9842 /* SceneDelegate.swift */ = {isa = PBXFileReference; lastKnownFileType = sourcecode.swift; path = SceneDelegate.swift; sourceTree = "<group>"; };
		B6C0C4F42D27C4D600BF9842 /* ViewController.swift */ = {isa = PBXFileReference; lastKnownFileType = sourcecode.swift; path = ViewController.swift; sourceTree = "<group>"; };
		B6C0C4F62D27C4E200BF9842 /* bug_report.md */ = {isa = PBXFileReference; lastKnownFileType = net.daringfireball.markdown; path = bug_report.md; sourceTree = "<group>"; };
		B6C0C4F72D27C4E200BF9842 /* microsoft-intune-app-sdk-for-maui-ios.md */ = {isa = PBXFileReference; lastKnownFileType = net.daringfireball.markdown; path = "microsoft-intune-app-sdk-for-maui-ios.md"; sourceTree = "<group>"; };
		B6C0C4FA2D27C4E200BF9842 /* .gitattributes */ = {isa = PBXFileReference; lastKnownFileType = text; path = .gitattributes; sourceTree = "<group>"; };
		B6C0C4FB2D27C4E200BF9842 /* .gitignore */ = {isa = PBXFileReference; lastKnownFileType = text; path = .gitignore; sourceTree = "<group>"; };
		B6C0C4FC2D27C4E200BF9842 /* IntuneMAMConfigurator */ = {isa = PBXFileReference; lastKnownFileType = "compiled.mach-o.executable"; path = IntuneMAMConfigurator; sourceTree = "<group>"; };
		B6C0C4FD2D27C4E200BF9842 /* IntuneMAMResources.bundle */ = {isa = PBXFileReference; lastKnownFileType = "wrapper.plug-in"; path = IntuneMAMResources.bundle; sourceTree = "<group>"; };
		B6C0C4FE2D27C4E200BF9842 /* IntuneMAMStatic.xcframework */ = {isa = PBXFileReference; lastKnownFileType = wrapper.xcframework; path = IntuneMAMStatic.xcframework; sourceTree = "<group>"; };
		B6C0C4FF2D27C4E200BF9842 /* IntuneMAMSwift.xcframework */ = {isa = PBXFileReference; lastKnownFileType = wrapper.xcframework; path = IntuneMAMSwift.xcframework; sourceTree = "<group>"; };
		B6C0C5002D27C4E200BF9842 /* IntuneMAMSwiftStub.xcframework */ = {isa = PBXFileReference; lastKnownFileType = wrapper.xcframework; path = IntuneMAMSwiftStub.xcframework; sourceTree = "<group>"; };
		B6C0C5012D27C4E200BF9842 /* IntuneMAMTelemetry.xcframework */ = {isa = PBXFileReference; lastKnownFileType = wrapper.xcframework; path = IntuneMAMTelemetry.xcframework; sourceTree = "<group>"; };
		B6C0C5022D27C4E200BF9842 /* libIntuneMAMSwift.xcframework */ = {isa = PBXFileReference; lastKnownFileType = wrapper.xcframework; path = libIntuneMAMSwift.xcframework; sourceTree = "<group>"; };
		B6C0C5032D27C4E200BF9842 /* libIntuneMAMSwiftFileProvider.xcframework */ = {isa = PBXFileReference; lastKnownFileType = wrapper.xcframework; path = libIntuneMAMSwiftFileProvider.xcframework; sourceTree = "<group>"; };
		B6C0C5042D27C4E200BF9842 /* Microsoft License Terms Intune App SDK for iOS.pdf */ = {isa = PBXFileReference; lastKnownFileType = image.pdf; path = "Microsoft License Terms Intune App SDK for iOS.pdf"; sourceTree = "<group>"; };
		B6C0C5052D27C4E200BF9842 /* README.md */ = {isa = PBXFileReference; lastKnownFileType = net.daringfireball.markdown; path = README.md; sourceTree = "<group>"; };
		B6C0C5062D27C4E200BF9842 /* REDIST.txt */ = {isa = PBXFileReference; lastKnownFileType = text; path = REDIST.txt; sourceTree = "<group>"; };
		B6C0C5072D27C4E200BF9842 /* SECURITY.md */ = {isa = PBXFileReference; lastKnownFileType = net.daringfireball.markdown; path = SECURITY.md; sourceTree = "<group>"; };
		B6C0C5082D27C4E200BF9842 /* ThirdPartyNotices.txt */ = {isa = PBXFileReference; lastKnownFileType = text; path = ThirdPartyNotices.txt; sourceTree = "<group>"; };
		B6C0C50F2D27C54B00BF9842 /* MicrosoftIntuneSDK.entitlements */ = {isa = PBXFileReference; lastKnownFileType = text.plist.entitlements; path = MicrosoftIntuneSDK.entitlements; sourceTree = "<group>"; };
		B6C0C5102D27C96700BF9842 /*  app.entitlements */ = {isa = PBXFileReference; lastKnownFileType = text.plist.entitlements; path = " app.entitlements"; sourceTree = "<group>"; };
/* End PBXFileReference section */

/* Begin PBXFrameworksBuildPhase section */
		B6C0C4B92D27C3B200BF9842 /* Frameworks */ = {
			isa = PBXFrameworksBuildPhase;
			buildActionMask = 2147483647;
			files = (
				B6C0C4E72D27C49900BF9842 /* QuartzCore.framework in Frameworks */,
				B6C0C4DF2D27C45200BF9842 /* libc++.tbd in Frameworks */,
				B6C0C4DD2D27C43C00BF9842 /* libsqlite3.tbd in Frameworks */,
				B6C0C4E12D27C47400BF9842 /* ImageIO.framework in Frameworks */,
				B6C0C4D72D27C3DF00BF9842 /* Security.framework in Frameworks */,
				B6C0C4E32D27C48000BF9842 /* LocalAuthentication.framework in Frameworks */,
				B6C0C4E52D27C48D00BF9842 /* AudioToolbox.framework in Frameworks */,
				B6C0C4EB2D27C4AA00BF9842 /* MetricKit.framework in Frameworks */,
				B6C0C4D92D27C3E900BF9842 /* CoreServices.framework in Frameworks */,
				B66366E42D28100700A89CEF /* IntuneMAMStatic.xcframework in Frameworks */,
				B66366E72D28101700A89CEF /* IntuneMAMSwiftStub.xcframework in Frameworks */,
				B6C0C4DB2D27C3F300BF9842 /* SystemConfiguration.framework in Frameworks */,
				B6C0C4D52D27C3C600BF9842 /* MessageUI.framework in Frameworks */,
				B6C0C4E92D27C4A100BF9842 /* WebKit.framework in Frameworks */,
			);
			runOnlyForDeploymentPostprocessing = 0;
		};
/* End PBXFrameworksBuildPhase section */

/* Begin PBXGroup section */
		B66366B92D280E0400A89CEF /* ISSUE_TEMPLATE */ = {
			isa = PBXGroup;
			children = (
				B66366B72D280E0400A89CEF /* bug_report.md */,
				B66366B82D280E0400A89CEF /* microsoft-intune-app-sdk-for-maui-ios.md */,
			);
			path = ISSUE_TEMPLATE;
			sourceTree = "<group>";
		};
		B66366BA2D280E0400A89CEF /* .github */ = {
			isa = PBXGroup;
			children = (
				B66366B92D280E0400A89CEF /* ISSUE_TEMPLATE */,
			);
			path = .github;
			sourceTree = "<group>";
		};
		B66366CA2D280E0400A89CEF /* ms-intune-app-sdk-ios-19.7.8 */ = {
			isa = PBXGroup;
			children = (
				B66366BA2D280E0400A89CEF /* .github */,
				B66366BB2D280E0400A89CEF /* .gitattributes */,
				B66366BC2D280E0400A89CEF /* .gitignore */,
				B66366BD2D280E0400A89CEF /* IntuneMAMConfigurator */,
				B66366BE2D280E0400A89CEF /* IntuneMAMResources.bundle */,
				B66366BF2D280E0400A89CEF /* IntuneMAMStatic.xcframework */,
				B66366C02D280E0400A89CEF /* IntuneMAMSwift.xcframework */,
				B66366C12D280E0400A89CEF /* IntuneMAMSwiftStub.xcframework */,
				B66366C22D280E0400A89CEF /* IntuneMAMTelemetry.xcframework */,
				B66366C32D280E0400A89CEF /* libIntuneMAMSwift.xcframework */,
				B66366C42D280E0400A89CEF /* libIntuneMAMSwiftFileProvider.xcframework */,
				B66366C52D280E0400A89CEF /* Microsoft License Terms Intune App SDK for iOS.pdf */,
				B66366C62D280E0400A89CEF /* README.md */,
				B66366C72D280E0400A89CEF /* REDIST.txt */,
				B66366C82D280E0400A89CEF /* SECURITY.md */,
				B66366C92D280E0400A89CEF /* ThirdPartyNotices.txt */,
			);
			name = "ms-intune-app-sdk-ios-19.7.8";
			path = "../../../Downloads/ms-intune-app-sdk-ios-19.7.8";
			sourceTree = "<group>";
		};
		B66366D22D280FF700A89CEF /* ISSUE_TEMPLATE */ = {
			isa = PBXGroup;
			children = (
				B66366D02D280FF700A89CEF /* bug_report.md */,
				B66366D12D280FF700A89CEF /* microsoft-intune-app-sdk-for-maui-ios.md */,
			);
			path = ISSUE_TEMPLATE;
			sourceTree = "<group>";
		};
		B66366D32D280FF700A89CEF /* .github */ = {
			isa = PBXGroup;
			children = (
				B66366D22D280FF700A89CEF /* ISSUE_TEMPLATE */,
			);
			path = .github;
			sourceTree = "<group>";
		};
		B66366E32D280FF700A89CEF /* ms-intune-app-sdk-ios-19.7.1 */ = {
			isa = PBXGroup;
			children = (
				B66366D32D280FF700A89CEF /* .github */,
				B66366D42D280FF700A89CEF /* .gitattributes */,
				B66366D52D280FF700A89CEF /* .gitignore */,
				B66366D62D280FF700A89CEF /* IntuneMAMConfigurator */,
				B66366D72D280FF700A89CEF /* IntuneMAMResources.bundle */,
				B66366D82D280FF700A89CEF /* IntuneMAMStatic.xcframework */,
				B66366D92D280FF700A89CEF /* IntuneMAMSwift.xcframework */,
				B66366DA2D280FF700A89CEF /* IntuneMAMSwiftStub.xcframework */,
				B66366DB2D280FF700A89CEF /* IntuneMAMTelemetry.xcframework */,
				B66366DC2D280FF700A89CEF /* libIntuneMAMSwift.xcframework */,
				B66366DD2D280FF700A89CEF /* libIntuneMAMSwiftFileProvider.xcframework */,
				B66366DE2D280FF700A89CEF /* Microsoft License Terms Intune App SDK for iOS.pdf */,
				B66366DF2D280FF700A89CEF /* README.md */,
				B66366E02D280FF700A89CEF /* REDIST.txt */,
				B66366E12D280FF700A89CEF /* SECURITY.md */,
				B66366E22D280FF700A89CEF /* ThirdPartyNotices.txt */,
			);
			name = "ms-intune-app-sdk-ios-19.7.1";
			path = "../../../Downloads/ms-intune-app-sdk-ios-19.7.1";
			sourceTree = "<group>";
		};
		B6C0C4B32D27C3B100BF9842 = {
			isa = PBXGroup;
			children = (
				B6C0C4BE2D27C3B200BF9842 /* MicrosoftIntuneSDK */,
				B6C0C4BD2D27C3B200BF9842 /* Products */,
				B6C0C4D32D27C3C600BF9842 /* Frameworks */,
			);
			sourceTree = "<group>";
		};
		B6C0C4BD2D27C3B200BF9842 /* Products */ = {
			isa = PBXGroup;
			children = (
				B6C0C4BC2D27C3B200BF9842 /* MicrosoftIntuneSDK.app */,
			);
			name = Products;
			sourceTree = "<group>";
		};
		B6C0C4BE2D27C3B200BF9842 /* MicrosoftIntuneSDK */ = {
			isa = PBXGroup;
			children = (
				B6C0C50F2D27C54B00BF9842 /* MicrosoftIntuneSDK.entitlements */,
				B6C0C4BF2D27C3B200BF9842 /* AppDelegate.swift */,
				B6C0C4C12D27C3B200BF9842 /* SceneDelegate.swift */,
				B6C0C4C32D27C3B200BF9842 /* ViewController.swift */,
				B6C0C4C52D27C3B200BF9842 /* Main.storyboard */,
				B6C0C4C82D27C3B300BF9842 /* Assets.xcassets */,
				B6C0C4CA2D27C3B300BF9842 /* LaunchScreen.storyboard */,
				B6C0C4CD2D27C3B300BF9842 /* Info.plist */,
				B6C0C5102D27C96700BF9842 /*  app.entitlements */,
			);
			path = MicrosoftIntuneSDK;
			sourceTree = "<group>";
		};
		B6C0C4D32D27C3C600BF9842 /* Frameworks */ = {
			isa = PBXGroup;
			children = (
				B66366E32D280FF700A89CEF /* ms-intune-app-sdk-ios-19.7.1 */,
				B66366CA2D280E0400A89CEF /* ms-intune-app-sdk-ios-19.7.8 */,
				B6C0C5092D27C4E200BF9842 /* ms-intune-app-sdk-ios-main */,
				B6C0C4F52D27C4D600BF9842 /* MicrosoftIntuneSDK */,
				B6C0C4EA2D27C4AA00BF9842 /* MetricKit.framework */,
				B6C0C4E82D27C4A100BF9842 /* WebKit.framework */,
				B6C0C4E62D27C49900BF9842 /* QuartzCore.framework */,
				B6C0C4E42D27C48D00BF9842 /* AudioToolbox.framework */,
				B6C0C4E22D27C48000BF9842 /* LocalAuthentication.framework */,
				B6C0C4E02D27C47400BF9842 /* ImageIO.framework */,
				B6C0C4DE2D27C44200BF9842 /* libc++.tbd */,
				B6C0C4DC2D27C43000BF9842 /* libsqlite3.tbd */,
				B6C0C4DA2D27C3F300BF9842 /* SystemConfiguration.framework */,
				B6C0C4D82D27C3E900BF9842 /* CoreServices.framework */,
				B6C0C4D62D27C3DF00BF9842 /* Security.framework */,
				B6C0C4D42D27C3C600BF9842 /* MessageUI.framework */,
			);
			name = Frameworks;
			sourceTree = "<group>";
		};
		B6C0C4F52D27C4D600BF9842 /* MicrosoftIntuneSDK */ = {
			isa = PBXGroup;
			children = (
				B6C0C4EC2D27C4D600BF9842 /* AppDelegate.swift */,
				B6C0C4ED2D27C4D600BF9842 /* Assets.xcassets */,
				B6C0C4EE2D27C4D600BF9842 /* Info.plist */,
				B6C0C4F02D27C4D600BF9842 /* LaunchScreen.storyboard */,
				B6C0C4F22D27C4D600BF9842 /* Main.storyboard */,
				B6C0C4F32D27C4D600BF9842 /* SceneDelegate.swift */,
				B6C0C4F42D27C4D600BF9842 /* ViewController.swift */,
			);
			path = MicrosoftIntuneSDK;
			sourceTree = "<group>";
		};
		B6C0C4F82D27C4E200BF9842 /* ISSUE_TEMPLATE */ = {
			isa = PBXGroup;
			children = (
				B6C0C4F62D27C4E200BF9842 /* bug_report.md */,
				B6C0C4F72D27C4E200BF9842 /* microsoft-intune-app-sdk-for-maui-ios.md */,
			);
			path = ISSUE_TEMPLATE;
			sourceTree = "<group>";
		};
		B6C0C4F92D27C4E200BF9842 /* .github */ = {
			isa = PBXGroup;
			children = (
				B6C0C4F82D27C4E200BF9842 /* ISSUE_TEMPLATE */,
			);
			path = .github;
			sourceTree = "<group>";
		};
		B6C0C5092D27C4E200BF9842 /* ms-intune-app-sdk-ios-main */ = {
			isa = PBXGroup;
			children = (
				B6C0C4F92D27C4E200BF9842 /* .github */,
				B6C0C4FA2D27C4E200BF9842 /* .gitattributes */,
				B6C0C4FB2D27C4E200BF9842 /* .gitignore */,
				B6C0C4FC2D27C4E200BF9842 /* IntuneMAMConfigurator */,
				B6C0C4FD2D27C4E200BF9842 /* IntuneMAMResources.bundle */,
				B6C0C4FE2D27C4E200BF9842 /* IntuneMAMStatic.xcframework */,
				B6C0C4FF2D27C4E200BF9842 /* IntuneMAMSwift.xcframework */,
				B6C0C5002D27C4E200BF9842 /* IntuneMAMSwiftStub.xcframework */,
				B6C0C5012D27C4E200BF9842 /* IntuneMAMTelemetry.xcframework */,
				B6C0C5022D27C4E200BF9842 /* libIntuneMAMSwift.xcframework */,
				B6C0C5032D27C4E200BF9842 /* libIntuneMAMSwiftFileProvider.xcframework */,
				B6C0C5042D27C4E200BF9842 /* Microsoft License Terms Intune App SDK for iOS.pdf */,
				B6C0C5052D27C4E200BF9842 /* README.md */,
				B6C0C5062D27C4E200BF9842 /* REDIST.txt */,
				B6C0C5072D27C4E200BF9842 /* SECURITY.md */,
				B6C0C5082D27C4E200BF9842 /* ThirdPartyNotices.txt */,
			);
			name = "ms-intune-app-sdk-ios-main";
			path = "../../../Downloads/ms-intune-app-sdk-ios-main";
			sourceTree = "<group>";
		};
/* End PBXGroup section */

/* Begin PBXNativeTarget section */
		B6C0C4BB2D27C3B200BF9842 /* MicrosoftIntuneSDK */ = {
			isa = PBXNativeTarget;
			buildConfigurationList = B6C0C4D02D27C3B300BF9842 /* Build configuration list for PBXNativeTarget "MicrosoftIntuneSDK" */;
			buildPhases = (
				B6C0C4B82D27C3B200BF9842 /* Sources */,
				B6C0C4B92D27C3B200BF9842 /* Frameworks */,
				B6C0C4BA2D27C3B200BF9842 /* Resources */,
				B66366E62D28100700A89CEF /* Embed Frameworks */,
			);
			buildRules = (
			);
			dependencies = (
			);
			name = MicrosoftIntuneSDK;
			productName = MicrosoftIntuneSDK;
			productReference = B6C0C4BC2D27C3B200BF9842 /* MicrosoftIntuneSDK.app */;
			productType = "com.apple.product-type.application";
		};
/* End PBXNativeTarget section */

/* Begin PBXProject section */
		B6C0C4B42D27C3B100BF9842 /* Project object */ = {
			isa = PBXProject;
			attributes = {
				BuildIndependentTargetsInParallel = 1;
				LastSwiftUpdateCheck = 1530;
				LastUpgradeCheck = 1530;
				TargetAttributes = {
					B6C0C4BB2D27C3B200BF9842 = {
						CreatedOnToolsVersion = 15.3;
					};
				};
			};
			buildConfigurationList = B6C0C4B72D27C3B100BF9842 /* Build configuration list for PBXProject "MicrosoftIntuneSDK" */;
			compatibilityVersion = "Xcode 14.0";
			developmentRegion = en;
			hasScannedForEncodings = 0;
			knownRegions = (
				en,
				Base,
			);
			mainGroup = B6C0C4B32D27C3B100BF9842;
			productRefGroup = B6C0C4BD2D27C3B200BF9842 /* Products */;
			projectDirPath = "";
			projectRoot = "";
			targets = (
				B6C0C4BB2D27C3B200BF9842 /* MicrosoftIntuneSDK */,
			);
		};
/* End PBXProject section */

/* Begin PBXResourcesBuildPhase section */
		B6C0C4BA2D27C3B200BF9842 /* Resources */ = {
			isa = PBXResourcesBuildPhase;
			buildActionMask = 2147483647;
			files = (
				B6C0C4C92D27C3B300BF9842 /* Assets.xcassets in Resources */,
				B6C0C4CC2D27C3B300BF9842 /* Base in Resources */,
				B6C0C4C72D27C3B200BF9842 /* Base in Resources */,
			);
			runOnlyForDeploymentPostprocessing = 0;
		};
/* End PBXResourcesBuildPhase section */

/* Begin PBXSourcesBuildPhase section */
		B6C0C4B82D27C3B200BF9842 /* Sources */ = {
			isa = PBXSourcesBuildPhase;
			buildActionMask = 2147483647;
			files = (
				B6C0C4C42D27C3B200BF9842 /* ViewController.swift in Sources */,
				B6C0C4C02D27C3B200BF9842 /* AppDelegate.swift in Sources */,
				B6C0C4C22D27C3B200BF9842 /* SceneDelegate.swift in Sources */,
			);
			runOnlyForDeploymentPostprocessing = 0;
		};
/* End PBXSourcesBuildPhase section */

/* Begin PBXVariantGroup section */
		B6C0C4C52D27C3B200BF9842 /* Main.storyboard */ = {
			isa = PBXVariantGroup;
			children = (
				B6C0C4C62D27C3B200BF9842 /* Base */,
			);
			name = Main.storyboard;
			sourceTree = "<group>";
		};
		B6C0C4CA2D27C3B300BF9842 /* LaunchScreen.storyboard */ = {
			isa = PBXVariantGroup;
			children = (
				B6C0C4CB2D27C3B300BF9842 /* Base */,
			);
			name = LaunchScreen.storyboard;
			sourceTree = "<group>";
		};
		B6C0C4F02D27C4D600BF9842 /* LaunchScreen.storyboard */ = {
			isa = PBXVariantGroup;
			children = (
				B6C0C4EF2D27C4D600BF9842 /* Base */,
			);
			name = LaunchScreen.storyboard;
			sourceTree = "<group>";
		};
		B6C0C4F22D27C4D600BF9842 /* Main.storyboard */ = {
			isa = PBXVariantGroup;
			children = (
				B6C0C4F12D27C4D600BF9842 /* Base */,
			);
			name = Main.storyboard;
			sourceTree = "<group>";
		};
/* End PBXVariantGroup section */

/* Begin XCBuildConfiguration section */
		B6C0C4CE2D27C3B300BF9842 /* Debug */ = {
			isa = XCBuildConfiguration;
			buildSettings = {
				ALWAYS_SEARCH_USER_PATHS = NO;
				ASSETCATALOG_COMPILER_GENERATE_SWIFT_ASSET_SYMBOL_EXTENSIONS = YES;
				CLANG_ANALYZER_NONNULL = YES;
				CLANG_ANALYZER_NUMBER_OBJECT_CONVERSION = YES_AGGRESSIVE;
				CLANG_CXX_LANGUAGE_STANDARD = "gnu++20";
				CLANG_ENABLE_MODULES = YES;
				CLANG_ENABLE_OBJC_ARC = YES;
				CLANG_ENABLE_OBJC_WEAK = YES;
				CLANG_WARN_BLOCK_CAPTURE_AUTORELEASING = YES;
				CLANG_WARN_BOOL_CONVERSION = YES;
				CLANG_WARN_COMMA = YES;
				CLANG_WARN_CONSTANT_CONVERSION = YES;
				CLANG_WARN_DEPRECATED_OBJC_IMPLEMENTATIONS = YES;
				CLANG_WARN_DIRECT_OBJC_ISA_USAGE = YES_ERROR;
				CLANG_WARN_DOCUMENTATION_COMMENTS = YES;
				CLANG_WARN_EMPTY_BODY = YES;
				CLANG_WARN_ENUM_CONVERSION = YES;
				CLANG_WARN_INFINITE_RECURSION = YES;
				CLANG_WARN_INT_CONVERSION = YES;
				CLANG_WARN_NON_LITERAL_NULL_CONVERSION = YES;
				CLANG_WARN_OBJC_IMPLICIT_RETAIN_SELF = YES;
				CLANG_WARN_OBJC_LITERAL_CONVERSION = YES;
				CLANG_WARN_OBJC_ROOT_CLASS = YES_ERROR;
				CLANG_WARN_QUOTED_INCLUDE_IN_FRAMEWORK_HEADER = YES;
				CLANG_WARN_RANGE_LOOP_ANALYSIS = YES;
				CLANG_WARN_STRICT_PROTOTYPES = YES;
				CLANG_WARN_SUSPICIOUS_MOVE = YES;
				CLANG_WARN_UNGUARDED_AVAILABILITY = YES_AGGRESSIVE;
				CLANG_WARN_UNREACHABLE_CODE = YES;
				CLANG_WARN__DUPLICATE_METHOD_MATCH = YES;
				COPY_PHASE_STRIP = NO;
				DEBUG_INFORMATION_FORMAT = dwarf;
				ENABLE_STRICT_OBJC_MSGSEND = YES;
				ENABLE_TESTABILITY = YES;
				ENABLE_USER_SCRIPT_SANDBOXING = YES;
				GCC_C_LANGUAGE_STANDARD = gnu17;
				GCC_DYNAMIC_NO_PIC = NO;
				GCC_NO_COMMON_BLOCKS = YES;
				GCC_OPTIMIZATION_LEVEL = 0;
				GCC_PREPROCESSOR_DEFINITIONS = (
					"DEBUG=1",
					"$(inherited)",
				);
				GCC_WARN_64_TO_32_BIT_CONVERSION = YES;
				GCC_WARN_ABOUT_RETURN_TYPE = YES_ERROR;
				GCC_WARN_UNDECLARED_SELECTOR = YES;
				GCC_WARN_UNINITIALIZED_AUTOS = YES_AGGRESSIVE;
				GCC_WARN_UNUSED_FUNCTION = YES;
				GCC_WARN_UNUSED_VARIABLE = YES;
				IPHONEOS_DEPLOYMENT_TARGET = 17.4;
				LOCALIZATION_PREFERS_STRING_CATALOGS = YES;
				MTL_ENABLE_DEBUG_INFO = INCLUDE_SOURCE;
				MTL_FAST_MATH = YES;
				ONLY_ACTIVE_ARCH = YES;
				SDKROOT = iphoneos;
				SWIFT_ACTIVE_COMPILATION_CONDITIONS = "DEBUG $(inherited)";
				SWIFT_OPTIMIZATION_LEVEL = "-Onone";
			};
			name = Debug;
		};
		B6C0C4CF2D27C3B300BF9842 /* Release */ = {
			isa = XCBuildConfiguration;
			buildSettings = {
				ALWAYS_SEARCH_USER_PATHS = NO;
				ASSETCATALOG_COMPILER_GENERATE_SWIFT_ASSET_SYMBOL_EXTENSIONS = YES;
				CLANG_ANALYZER_NONNULL = YES;
				CLANG_ANALYZER_NUMBER_OBJECT_CONVERSION = YES_AGGRESSIVE;
				CLANG_CXX_LANGUAGE_STANDARD = "gnu++20";
				CLANG_ENABLE_MODULES = YES;
				CLANG_ENABLE_OBJC_ARC = YES;
				CLANG_ENABLE_OBJC_WEAK = YES;
				CLANG_WARN_BLOCK_CAPTURE_AUTORELEASING = YES;
				CLANG_WARN_BOOL_CONVERSION = YES;
				CLANG_WARN_COMMA = YES;
				CLANG_WARN_CONSTANT_CONVERSION = YES;
				CLANG_WARN_DEPRECATED_OBJC_IMPLEMENTATIONS = YES;
				CLANG_WARN_DIRECT_OBJC_ISA_USAGE = YES_ERROR;
				CLANG_WARN_DOCUMENTATION_COMMENTS = YES;
				CLANG_WARN_EMPTY_BODY = YES;
				CLANG_WARN_ENUM_CONVERSION = YES;
				CLANG_WARN_INFINITE_RECURSION = YES;
				CLANG_WARN_INT_CONVERSION = YES;
				CLANG_WARN_NON_LITERAL_NULL_CONVERSION = YES;
				CLANG_WARN_OBJC_IMPLICIT_RETAIN_SELF = YES;
				CLANG_WARN_OBJC_LITERAL_CONVERSION = YES;
				CLANG_WARN_OBJC_ROOT_CLASS = YES_ERROR;
				CLANG_WARN_QUOTED_INCLUDE_IN_FRAMEWORK_HEADER = YES;
				CLANG_WARN_RANGE_LOOP_ANALYSIS = YES;
				CLANG_WARN_STRICT_PROTOTYPES = YES;
				CLANG_WARN_SUSPICIOUS_MOVE = YES;
				CLANG_WARN_UNGUARDED_AVAILABILITY = YES_AGGRESSIVE;
				CLANG_WARN_UNREACHABLE_CODE = YES;
				CLANG_WARN__DUPLICATE_METHOD_MATCH = YES;
				COPY_PHASE_STRIP = NO;
				DEBUG_INFORMATION_FORMAT = "dwarf-with-dsym";
				ENABLE_NS_ASSERTIONS = NO;
				ENABLE_STRICT_OBJC_MSGSEND = YES;
				ENABLE_USER_SCRIPT_SANDBOXING = YES;
				GCC_C_LANGUAGE_STANDARD = gnu17;
				GCC_NO_COMMON_BLOCKS = YES;
				GCC_WARN_64_TO_32_BIT_CONVERSION = YES;
				GCC_WARN_ABOUT_RETURN_TYPE = YES_ERROR;
				GCC_WARN_UNDECLARED_SELECTOR = YES;
				GCC_WARN_UNINITIALIZED_AUTOS = YES_AGGRESSIVE;
				GCC_WARN_UNUSED_FUNCTION = YES;
				GCC_WARN_UNUSED_VARIABLE = YES;
				IPHONEOS_DEPLOYMENT_TARGET = 17.4;
				LOCALIZATION_PREFERS_STRING_CATALOGS = YES;
				MTL_ENABLE_DEBUG_INFO = NO;
				MTL_FAST_MATH = YES;
				SDKROOT = iphoneos;
				SWIFT_COMPILATION_MODE = wholemodule;
				VALIDATE_PRODUCT = YES;
			};
			name = Release;
		};
		B6C0C4D12D27C3B300BF9842 /* Debug */ = {
			isa = XCBuildConfiguration;
			buildSettings = {
				ASSETCATALOG_COMPILER_APPICON_NAME = AppIcon;
				ASSETCATALOG_COMPILER_GLOBAL_ACCENT_COLOR_NAME = AccentColor;
				CODE_SIGN_ENTITLEMENTS = MicrosoftIntuneSDK/MicrosoftIntuneSDK.entitlements;
				CODE_SIGN_STYLE = Automatic;
				CURRENT_PROJECT_VERSION = 1;
				GENERATE_INFOPLIST_FILE = YES;
				INFOPLIST_FILE = MicrosoftIntuneSDK/Info.plist;
				INFOPLIST_KEY_UIApplicationSupportsIndirectInputEvents = YES;
				INFOPLIST_KEY_UILaunchStoryboardName = LaunchScreen;
				INFOPLIST_KEY_UIMainStoryboardFile = Main;
				INFOPLIST_KEY_UISupportedInterfaceOrientations_iPad = "UIInterfaceOrientationPortrait UIInterfaceOrientationPortraitUpsideDown UIInterfaceOrientationLandscapeLeft UIInterfaceOrientationLandscapeRight";
				INFOPLIST_KEY_UISupportedInterfaceOrientations_iPhone = "UIInterfaceOrientationPortrait UIInterfaceOrientationLandscapeLeft UIInterfaceOrientationLandscapeRight";
				LD_RUNPATH_SEARCH_PATHS = (
					"$(inherited)",
					"@executable_path/Frameworks",
				);
				MARKETING_VERSION = 1.0;
				PRODUCT_BUNDLE_IDENTIFIER = havaman.com.MicrosoftIntuneSDK;
				PRODUCT_NAME = "$(TARGET_NAME)";
				SWIFT_EMIT_LOC_STRINGS = YES;
				SWIFT_VERSION = 5.0;
				TARGETED_DEVICE_FAMILY = "1,2";
			};
			name = Debug;
		};
		B6C0C4D22D27C3B300BF9842 /* Release */ = {
			isa = XCBuildConfiguration;
			buildSettings = {
				ASSETCATALOG_COMPILER_APPICON_NAME = AppIcon;
				ASSETCATALOG_COMPILER_GLOBAL_ACCENT_COLOR_NAME = AccentColor;
				CODE_SIGN_ENTITLEMENTS = MicrosoftIntuneSDK/MicrosoftIntuneSDK.entitlements;
				CODE_SIGN_STYLE = Automatic;
				CURRENT_PROJECT_VERSION = 1;
				GENERATE_INFOPLIST_FILE = YES;
				INFOPLIST_FILE = MicrosoftIntuneSDK/Info.plist;
				INFOPLIST_KEY_UIApplicationSupportsIndirectInputEvents = YES;
				INFOPLIST_KEY_UILaunchStoryboardName = LaunchScreen;
				INFOPLIST_KEY_UIMainStoryboardFile = Main;
				INFOPLIST_KEY_UISupportedInterfaceOrientations_iPad = "UIInterfaceOrientationPortrait UIInterfaceOrientationPortraitUpsideDown UIInterfaceOrientationLandscapeLeft UIInterfaceOrientationLandscapeRight";
				INFOPLIST_KEY_UISupportedInterfaceOrientations_iPhone = "UIInterfaceOrientationPortrait UIInterfaceOrientationLandscapeLeft UIInterfaceOrientationLandscapeRight";
				LD_RUNPATH_SEARCH_PATHS = (
					"$(inherited)",
					"@executable_path/Frameworks",
				);
				MARKETING_VERSION = 1.0;
				PRODUCT_BUNDLE_IDENTIFIER = havaman.com.MicrosoftIntuneSDK;
				PRODUCT_NAME = "$(TARGET_NAME)";
				SWIFT_EMIT_LOC_STRINGS = YES;
				SWIFT_VERSION = 5.0;
				TARGETED_DEVICE_FAMILY = "1,2";
			};
			name = Release;
		};
/* End XCBuildConfiguration section */

/* Begin XCConfigurationList section */
		B6C0C4B72D27C3B100BF9842 /* Build configuration list for PBXProject "MicrosoftIntuneSDK" */ = {
			isa = XCConfigurationList;
			buildConfigurations = (
				B6C0C4CE2D27C3B300BF9842 /* Debug */,
				B6C0C4CF2D27C3B300BF9842 /* Release */,
			);
			defaultConfigurationIsVisible = 0;
			defaultConfigurationName = Release;
		};
		B6C0C4D02D27C3B300BF9842 /* Build configuration list for PBXNativeTarget "MicrosoftIntuneSDK" */ = {
			isa = XCConfigurationList;
			buildConfigurations = (
				B6C0C4D12D27C3B300BF9842 /* Debug */,
				B6C0C4D22D27C3B300BF9842 /* Release */,
			);
			defaultConfigurationIsVisible = 0;
			defaultConfigurationName = Release;
		};
/* End XCConfigurationList section */
	};
	rootObject = B6C0C4B42D27C3B100BF9842 /* Project object */;
}
